PODS:
  - Google-Maps-iOS-Utils (6.1.0):
    - GoogleMaps (~> 9.0)
  - GoogleMaps (9.4.0):
    - GoogleMaps/Maps (= 9.4.0)
  - GoogleMaps/Maps (9.4.0)

DEPENDENCIES:
  - Google-Maps-iOS-Utils
  - GoogleMaps

SPEC REPOS:
  trunk:
    - Google-Maps-iOS-Utils
    - GoogleMaps

SPEC CHECKSUMS:
  Google-Maps-iOS-Utils: 0a484b05ed21d88c9f9ebbacb007956edd508a96
  GoogleMaps: 0608099d4870cac8754bdba9b6953db543432438

PODFILE CHECKSUM: 90e96f2bc4db8a5ed27cc8f0487695dbec37f5d7

COCOAPODS: 1.16.2
